{
  "name": "@js-toolbox/js-accordion",
  "version": "1.2.6",
  "lockfileVersion": 3,
  "requires": true,
  "packages": {
    "": {
      "name": "@js-toolbox/js-accordion",
      "version": "1.2.6",
      "license": "ISC",
      "dependencies": {
        "@js-toolbox/js-accordion": "^1.2.6"
      }
    },
    "node_modules/@js-toolbox/js-accordion": {
      "version": "1.2.6",
      "resolved": "https://registry.npmjs.org/@js-toolbox/js-accordion/-/js-accordion-1.2.6.tgz",
      "integrity": "sha512-JgpzutuXzSdiHzkTaJPVmjQ1BbNSxqlHwxZUG84MJ7TXVxr54GYRKyU7Mjlyft6DKcaZOWGWdAQVQ3AJUGddfQ=="
    }
  }
}
